# THIS IS AN AUTOGENERATED FILE. DO NOT EDIT THIS FILE DIRECTLY.
# yarn lockfile v1


lucide-react@^1.16.0:
  version "1.16.0"
  resolved "https://registry.yarnpkg.com/lucide-react/-/lucide-react-1.16.0.tgz#8c19a757982ed28e28afd0da9a950d3152e4b7e5"
  integrity sha512-dYwyPzb4MEKpGUmNYk3WKWPnMrHs3FKM+q94kAnJrcDIqqn1hq2xY8scaS2ovsOCM5D51ey2gaRG3PBb1vgoYQ==
