# THIS IS AN AUTOGENERATED FILE. DO NOT EDIT THIS FILE DIRECTLY.
# yarn lockfile v1


autoprefixer@^10.5.0:
  version "10.5.0"
  resolved "https://registry.npmjs.org/autoprefixer/-/autoprefixer-10.5.0.tgz"
  integrity sha512-FMhOoZV4+qR6aTUALKX2rEqGG+oyATvwBt9IIzVR5rMa2HRWPkxf+P+PAJLD1I/H5/II+HuZcBJYEFBpq39ong==
  dependencies:
    browserslist "^4.28.2"
    caniuse-lite "^1.0.30001787"
    fraction.js "^5.3.4"
    picocolors "^1.1.1"
    postcss-value-parser "^4.2.0"

baseline-browser-mapping@^2.10.12:
  version "2.10.29"
  resolved "https://registry.npmjs.org/baseline-browser-mapping/-/baseline-browser-mapping-2.10.29.tgz"
  integrity sha512-Asa2krT+XTPZINCS+2QcyS8WTkObE77RwkydwF7h6DmnKqbvlalz93m/dnphUyCa6SWSP51VgtEUf2FN+gelFQ==

browserslist@^4.28.2, "browserslist@>= 4.21.0":
  version "4.28.2"
  resolved "https://registry.npmjs.org/browserslist/-/browserslist-4.28.2.tgz"
  integrity sha512-48xSriZYYg+8qXna9kwqjIVzuQxi+KYWp2+5nCYnYKPTr0LvD89Jqk2Or5ogxz0NUMfIjhh2lIUX/LyX9B4oIg==
  dependencies:
    baseline-browser-mapping "^2.10.12"
    caniuse-lite "^1.0.30001782"
    electron-to-chromium "^1.5.328"
    node-releases "^2.0.36"
    update-browserslist-db "^1.2.3"

caniuse-lite@^1.0.30001782, caniuse-lite@^1.0.30001787:
  version "1.0.30001792"
  resolved "https://registry.npmjs.org/caniuse-lite/-/caniuse-lite-1.0.30001792.tgz"
  integrity sha512-hVLMUZFgR4JJ6ACt1uEESvQN1/dBVqPAKY0hgrV70eN3391K6juAfTjKZLKvOMsx8PxA7gsY1/tLMMTcfFLLpw==

electron-to-chromium@^1.5.328:
  version "1.5.356"
  resolved "https://registry.npmjs.org/electron-to-chromium/-/electron-to-chromium-1.5.356.tgz"
  integrity sha512-9NgFd7m5t5MCJ5rUSjJITUXAH9mEGlrlofnMf4YEr+pz6JlP7cWmTAH+JFmbPnaSW8koVTkuW7pacORWAnA5Yw==

escalade@^3.2.0:
  version "3.2.0"
  resolved "https://registry.npmjs.org/escalade/-/escalade-3.2.0.tgz"
  integrity sha512-WUj2qlxaQtO4g6Pq5c29GTcWGDyd8itL8zTlipgECz3JesAiiOKotd8JU6otB3PACgG6xkJUyVhboMS+bje/jA==

fraction.js@^5.3.4:
  version "5.3.4"
  resolved "https://registry.npmjs.org/fraction.js/-/fraction.js-5.3.4.tgz"
  integrity sha512-1X1NTtiJphryn/uLQz3whtY6jK3fTqoE3ohKs0tT+Ujr1W59oopxmoEh7Lu5p6vBaPbgoM0bzveAW4Qi5RyWDQ==

lucide-react@^1.16.0:
  version "1.16.0"
  resolved "https://registry.npmjs.org/lucide-react/-/lucide-react-1.16.0.tgz"
  integrity sha512-dYwyPzb4MEKpGUmNYk3WKWPnMrHs3FKM+q94kAnJrcDIqqn1hq2xY8scaS2ovsOCM5D51ey2gaRG3PBb1vgoYQ==

nanoid@^3.3.11:
  version "3.3.12"
  resolved "https://registry.npmjs.org/nanoid/-/nanoid-3.3.12.tgz"
  integrity sha512-ZB9RH/39qpq5Vu6Y+NmUaFhQR6pp+M2Xt76XBnEwDaGcVAqhlvxrl3B2bKS5D3NH3QR76v3aSrKaF/Kiy7lEtQ==

node-releases@^2.0.36:
  version "2.0.44"
  resolved "https://registry.npmjs.org/node-releases/-/node-releases-2.0.44.tgz"
  integrity sha512-5WUyunoPMsvvEhS8AxHtRzP+oA8UCkJ7YRxatWKjngndhDGLiqEVAQKWjFAiAiuL8zMRGzGSJxFnLetoa43qGQ==

picocolors@^1.1.1:
  version "1.1.1"
  resolved "https://registry.npmjs.org/picocolors/-/picocolors-1.1.1.tgz"
  integrity sha512-xceH2snhtb5M9liqDsmEw56le376mTZkEX/jEb/RxNFyegNul7eNslCXP9FDj/Lcu0X8KEyMceP2ntpaHrDEVA==

postcss-value-parser@^4.2.0:
  version "4.2.0"
  resolved "https://registry.npmjs.org/postcss-value-parser/-/postcss-value-parser-4.2.0.tgz"
  integrity sha512-1NNCs6uurfkVbeXG4S8JFT9t19m45ICnif8zWLd5oPSZ50QnwMfK+H3jv408d4jw/7Bttv5axS5IiHoLaVNHeQ==

postcss@^8.1.0, postcss@^8.5.14:
  version "8.5.14"
  resolved "https://registry.npmjs.org/postcss/-/postcss-8.5.14.tgz"
  integrity sha512-SoSL4+OSEtR99LHFZQiJLkT59C5B1amGO1NzTwj7TT1qCUgUO6hxOvzkOYxD+vMrXBM3XJIKzokoERdqQq/Zmg==
  dependencies:
    nanoid "^3.3.11"
    picocolors "^1.1.1"
    source-map-js "^1.2.1"

"react@^16.5.1 || ^17.0.0 || ^18.0.0 || ^19.0.0":
  version "19.2.6"
  resolved "https://registry.npmjs.org/react/-/react-19.2.6.tgz"
  integrity sha512-sfWGGfavi0xr8Pg0sVsyHMAOziVYKgPLNrS7ig+ivMNb3wbCBw3KxtflsGBAwD3gYQlE/AEZsTLgToRrSCjb0Q==

source-map-js@^1.2.1:
  version "1.2.1"
  resolved "https://registry.npmjs.org/source-map-js/-/source-map-js-1.2.1.tgz"
  integrity sha512-UXWMKhLOwVKb728IUtQPXxfYU+usdybtUrK/8uGE8CQMvrhOpwvzDBwj0QhSL7MQc7vIsISBG8VQ8+IDQxpfQA==

tailwindscss@^0.3.0:
  version "0.3.0"
  resolved "https://registry.npmjs.org/tailwindscss/-/tailwindscss-0.3.0.tgz"
  integrity sha512-fv6JSA5tW++MUeZ8SUwBc3pihiHPDdZZrQlwxTr7igvCZZQ5NkK9yXvI7CZsm+KesG//rcq4CEkgA9d+pJwHtg==

update-browserslist-db@^1.2.3:
  version "1.2.3"
  resolved "https://registry.npmjs.org/update-browserslist-db/-/update-browserslist-db-1.2.3.tgz"
  integrity sha512-Js0m9cx+qOgDxo0eMiFGEueWztz+d4+M3rGlmKPT+T4IS/jP4ylw3Nwpu6cpTTP8R1MAC1kF4VbdLt3ARf209w==
  dependencies:
    escalade "^3.2.0"
    picocolors "^1.1.1"
